
Microsoft Visual Studio Solution File, Format Version 12.00
# Visual Studio Version 17
VisualStudioVersion = 17.4.33213.308
MinimumVisualStudioVersion = 10.0.40219.1
Project("{9A19103F-16F7-4668-BE54-9A1E7A4F7556}") = "FishMarket.Domain", "FishMarket.Domain\FishMarket.Domain.csproj", "{C9B1A522-7D75-4CE2-AF45-858755AE0804}"
EndProject
Project("{9A19103F-16F7-4668-BE54-9A1E7A4F7556}") = "FishMarket.Core", "FishMarket.Core\FishMarket.Core.csproj", "{D6CDA03D-9AF3-4605-AE9A-73CDC043BD17}"
EndProject
Project("{9A19103F-16F7-4668-BE54-9A1E7A4F7556}") = "FishMarket.Data", "FishMarket.Data\FishMarket.Data.csproj", "{3B3AECF7-7F95-4E82-B9EF-35C6A5E75513}"
EndProject
Project("{9A19103F-16F7-4668-BE54-9A1E7A4F7556}") = "FishMarket.Service", "FishMarket.Service\FishMarket.Service.csproj", "{588EFF34-9789-4496-BD41-AB4D512BDD5A}"
EndProject
Project("{9A19103F-16F7-4668-BE54-9A1E7A4F7556}") = "FishMarket.Dto", "FishMarket.Dto\FishMarket.Dto.csproj", "{42B5CEF1-BAF1-431C-8DE5-826216E688E8}"
EndProject
Project("{9A19103F-16F7-4668-BE54-9A1E7A4F7556}") = "FishMarket.API", "FishMarket.API\FishMarket.API.csproj", "{B8F3F6D2-AB4B-4D79-9F90-06A2F5A0231C}"
EndProject
Project("{9A19103F-16F7-4668-BE54-9A1E7A4F7556}") = "FishMarket.Repository", "FishMarket.Repository\FishMarket.Repository.csproj", "{8E84C312-AF9C-4EB2-8994-0B12B9508B97}"
EndProject
Project("{9A19103F-16F7-4668-BE54-9A1E7A4F7556}") = "FishMarket.Web", "FishMarket.Web\FishMarket.Web.csproj", "{09E930D5-F953-46DF-B781-241C2343C425}"
EndProject
Project("{9A19103F-16F7-4668-BE54-9A1E7A4F7556}") = "FishMarket.API.Test", "FishMarket.API.Test\FishMarket.API.Test.csproj", "{2FB9A4F8-DA26-420E-9272-6C8F9547C0EB}"
EndProject
Project("{9A19103F-16F7-4668-BE54-9A1E7A4F7556}") = "FishMarket.Web.Test", "FishMarket.Web.Test\FishMarket.Web.Test.csproj", "{23A8E4FF-4FFC-45D8-915C-C61E89A3EBE3}"
EndProject
Project("{2150E333-8FDC-42A3-9474-1A3956D46DE8}") = "Solution Items", "Solution Items", "{67D5D575-8313-4C05-BCFD-1A624D6A043E}"
	ProjectSection(SolutionItems) = preProject
		docker-compose.yml = docker-compose.yml
	EndProjectSection
EndProject
Global
	GlobalSection(SolutionConfigurationPlatforms) = preSolution
		Debug|Any CPU = Debug|Any CPU
		Release|Any CPU = Release|Any CPU
	EndGlobalSection
	GlobalSection(ProjectConfigurationPlatforms) = postSolution
		{C9B1A522-7D75-4CE2-AF45-858755AE0804}.Debug|Any CPU.ActiveCfg = Debug|Any CPU
		{C9B1A522-7D75-4CE2-AF45-858755AE0804}.Debug|Any CPU.Build.0 = Debug|Any CPU
		{C9B1A522-7D75-4CE2-AF45-858755AE0804}.Release|Any CPU.ActiveCfg = Release|Any CPU
		{C9B1A522-7D75-4CE2-AF45-858755AE0804}.Release|Any CPU.Build.0 = Release|Any CPU
		{D6CDA03D-9AF3-4605-AE9A-73CDC043BD17}.Debug|Any CPU.ActiveCfg = Debug|Any CPU
		{D6CDA03D-9AF3-4605-AE9A-73CDC043BD17}.Debug|Any CPU.Build.0 = Debug|Any CPU
		{D6CDA03D-9AF3-4605-AE9A-73CDC043BD17}.Release|Any CPU.ActiveCfg = Release|Any CPU
		{D6CDA03D-9AF3-4605-AE9A-73CDC043BD17}.Release|Any CPU.Build.0 = Release|Any CPU
		{3B3AECF7-7F95-4E82-B9EF-35C6A5E75513}.Debug|Any CPU.ActiveCfg = Debug|Any CPU
		{3B3AECF7-7F95-4E82-B9EF-35C6A5E75513}.Debug|Any CPU.Build.0 = Debug|Any CPU
		{3B3AECF7-7F95-4E82-B9EF-35C6A5E75513}.Release|Any CPU.ActiveCfg = Release|Any CPU
		{3B3AECF7-7F95-4E82-B9EF-35C6A5E75513}.Release|Any CPU.Build.0 = Release|Any CPU
		{588EFF34-9789-4496-BD41-AB4D512BDD5A}.Debug|Any CPU.ActiveCfg = Debug|Any CPU
		{588EFF34-9789-4496-BD41-AB4D512BDD5A}.Debug|Any CPU.Build.0 = Debug|Any CPU
		{588EFF34-9789-4496-BD41-AB4D512BDD5A}.Release|Any CPU.ActiveCfg = Release|Any CPU
		{588EFF34-9789-4496-BD41-AB4D512BDD5A}.Release|Any CPU.Build.0 = Release|Any CPU
		{42B5CEF1-BAF1-431C-8DE5-826216E688E8}.Debug|Any CPU.ActiveCfg = Debug|Any CPU
		{42B5CEF1-BAF1-431C-8DE5-826216E688E8}.Debug|Any CPU.Build.0 = Debug|Any CPU
		{42B5CEF1-BAF1-431C-8DE5-826216E688E8}.Release|Any CPU.ActiveCfg = Release|Any CPU
		{42B5CEF1-BAF1-431C-8DE5-826216E688E8}.Release|Any CPU.Build.0 = Release|Any CPU
		{B8F3F6D2-AB4B-4D79-9F90-06A2F5A0231C}.Debug|Any CPU.ActiveCfg = Debug|Any CPU
		{B8F3F6D2-AB4B-4D79-9F90-06A2F5A0231C}.Debug|Any CPU.Build.0 = Debug|Any CPU
		{B8F3F6D2-AB4B-4D79-9F90-06A2F5A0231C}.Release|Any CPU.ActiveCfg = Release|Any CPU
		{B8F3F6D2-AB4B-4D79-9F90-06A2F5A0231C}.Release|Any CPU.Build.0 = Release|Any CPU
		{8E84C312-AF9C-4EB2-8994-0B12B9508B97}.Debug|Any CPU.ActiveCfg = Debug|Any CPU
		{8E84C312-AF9C-4EB2-8994-0B12B9508B97}.Debug|Any CPU.Build.0 = Debug|Any CPU
		{8E84C312-AF9C-4EB2-8994-0B12B9508B97}.Release|Any CPU.ActiveCfg = Release|Any CPU
		{8E84C312-AF9C-4EB2-8994-0B12B9508B97}.Release|Any CPU.Build.0 = Release|Any CPU
		{09E930D5-F953-46DF-B781-241C2343C425}.Debug|Any CPU.ActiveCfg = Debug|Any CPU
		{09E930D5-F953-46DF-B781-241C2343C425}.Debug|Any CPU.Build.0 = Debug|Any CPU
		{09E930D5-F953-46DF-B781-241C2343C425}.Release|Any CPU.ActiveCfg = Release|Any CPU
		{09E930D5-F953-46DF-B781-241C2343C425}.Release|Any CPU.Build.0 = Release|Any CPU
		{2FB9A4F8-DA26-420E-9272-6C8F9547C0EB}.Debug|Any CPU.ActiveCfg = Debug|Any CPU
		{2FB9A4F8-DA26-420E-9272-6C8F9547C0EB}.Debug|Any CPU.Build.0 = Debug|Any CPU
		{2FB9A4F8-DA26-420E-9272-6C8F9547C0EB}.Release|Any CPU.ActiveCfg = Release|Any CPU
		{2FB9A4F8-DA26-420E-9272-6C8F9547C0EB}.Release|Any CPU.Build.0 = Release|Any CPU
		{23A8E4FF-4FFC-45D8-915C-C61E89A3EBE3}.Debug|Any CPU.ActiveCfg = Debug|Any CPU
		{23A8E4FF-4FFC-45D8-915C-C61E89A3EBE3}.Debug|Any CPU.Build.0 = Debug|Any CPU
		{23A8E4FF-4FFC-45D8-915C-C61E89A3EBE3}.Release|Any CPU.ActiveCfg = Release|Any CPU
		{23A8E4FF-4FFC-45D8-915C-C61E89A3EBE3}.Release|Any CPU.Build.0 = Release|Any CPU
	EndGlobalSection
	GlobalSection(SolutionProperties) = preSolution
		HideSolutionNode = FALSE
	EndGlobalSection
	GlobalSection(ExtensibilityGlobals) = postSolution
		SolutionGuid = {428FCB9E-8523-4A42-8D06-1476303BA078}
	EndGlobalSection
EndGlobal
